
Microsoft Visual Studio Solution File, Format Version 12.00
# Visual Studio Version 17
VisualStudioVersion = 17.8.34525.116
MinimumVisualStudioVersion = 10.0.40219.1
Project("{9A19103F-16F7-4668-BE54-9A1E7A4F7556}") = "NotaryGenie.Server", "NotaryGenie.Server\NotaryGenie.Server.csproj", "{5CAAE9B5-E879-4B47-BEA9-2E08326636EC}"
EndProject
Project("{54A90642-561A-4BB1-A94E-469ADEE60C69}") = "notarygenie.client", "notarygenie.client\notarygenie.client.esproj", "{1BA3470D-29CC-4013-9D3B-4B1638A18BD3}"
EndProject
Project("{FAE04EC0-301F-11D3-BF4B-00C04F79EFBC}") = "NotaryGenieTests", "NotaryGenieTests\NotaryGenieTests.csproj", "{81AB0330-8D28-4F83-8572-D217BF42ACF1}"
	ProjectSection(ProjectDependencies) = postProject
		{5CAAE9B5-E879-4B47-BEA9-2E08326636EC} = {5CAAE9B5-E879-4B47-BEA9-2E08326636EC}
	EndProjectSection
EndProject
Global
	GlobalSection(SolutionConfigurationPlatforms) = preSolution
		Debug|Any CPU = Debug|Any CPU
		Release|Any CPU = Release|Any CPU
	EndGlobalSection
	GlobalSection(ProjectConfigurationPlatforms) = postSolution
		{5CAAE9B5-E879-4B47-BEA9-2E08326636EC}.Debug|Any CPU.ActiveCfg = Debug|Any CPU
		{5CAAE9B5-E879-4B47-BEA9-2E08326636EC}.Debug|Any CPU.Build.0 = Debug|Any CPU
		{5CAAE9B5-E879-4B47-BEA9-2E08326636EC}.Release|Any CPU.ActiveCfg = Release|Any CPU
		{5CAAE9B5-E879-4B47-BEA9-2E08326636EC}.Release|Any CPU.Build.0 = Release|Any CPU
		{1BA3470D-29CC-4013-9D3B-4B1638A18BD3}.Debug|Any CPU.ActiveCfg = Debug|Any CPU
		{1BA3470D-29CC-4013-9D3B-4B1638A18BD3}.Debug|Any CPU.Build.0 = Debug|Any CPU
		{1BA3470D-29CC-4013-9D3B-4B1638A18BD3}.Debug|Any CPU.Deploy.0 = Debug|Any CPU
		{1BA3470D-29CC-4013-9D3B-4B1638A18BD3}.Release|Any CPU.ActiveCfg = Release|Any CPU
		{1BA3470D-29CC-4013-9D3B-4B1638A18BD3}.Release|Any CPU.Build.0 = Release|Any CPU
		{1BA3470D-29CC-4013-9D3B-4B1638A18BD3}.Release|Any CPU.Deploy.0 = Release|Any CPU
		{81AB0330-8D28-4F83-8572-D217BF42ACF1}.Debug|Any CPU.ActiveCfg = Debug|Any CPU
		{81AB0330-8D28-4F83-8572-D217BF42ACF1}.Debug|Any CPU.Build.0 = Debug|Any CPU
		{81AB0330-8D28-4F83-8572-D217BF42ACF1}.Release|Any CPU.ActiveCfg = Release|Any CPU
		{81AB0330-8D28-4F83-8572-D217BF42ACF1}.Release|Any CPU.Build.0 = Release|Any CPU
	EndGlobalSection
	GlobalSection(SolutionProperties) = preSolution
		HideSolutionNode = FALSE
	EndGlobalSection
	GlobalSection(ExtensibilityGlobals) = postSolution
		SolutionGuid = {832D13B3-58F7-4CF2-8E73-D37B95B123D2}
	EndGlobalSection
EndGlobal
